
Microsoft Visual Studio Solution File, Format Version 12.00
# Visual Studio Version 16
VisualStudioVersion = 16.0.31005.135
MinimumVisualStudioVersion = 10.0.40219.1
Project("{FAE04EC0-301F-11D3-BF4B-00C04F79EFBC}") = "GraduationProject", "GraduationProject\GraduationProject.csproj", "{CA6759A7-3374-4302-BF94-83368CA9DE59}"
EndProject
Global
	GlobalSection(SolutionConfigurationPlatforms) = preSolution
		Debug|Any CPU = Debug|Any CPU
		Release|Any CPU = Release|Any CPU
	EndGlobalSection
	GlobalSection(ProjectConfigurationPlatforms) = postSolution
		{CA6759A7-3374-4302-BF94-83368CA9DE59}.Debug|Any CPU.ActiveCfg = Debug|Any CPU
		{CA6759A7-3374-4302-BF94-83368CA9DE59}.Debug|Any CPU.Build.0 = Debug|Any CPU
		{CA6759A7-3374-4302-BF94-83368CA9DE59}.Release|Any CPU.ActiveCfg = Release|Any CPU
		{CA6759A7-3374-4302-BF94-83368CA9DE59}.Release|Any CPU.Build.0 = Release|Any CPU
	EndGlobalSection
	GlobalSection(SolutionProperties) = preSolution
		HideSolutionNode = FALSE
	EndGlobalSection
	GlobalSection(ExtensibilityGlobals) = postSolution
		SolutionGuid = {B68534B1-D4C3-4DAC-ADE6-2F437C333C8A}
	EndGlobalSection
EndGlobal
